// !$*UTF8*$!
{
	archiveVersion = 1;
	classes = {
	};
	objectVersion = 50;
	objects = {

/* Begin PBXBuildFile section */
		C24294A02516593700092EA3 /* AppDelegate.swift in Sources */ = {isa = PBXBuildFile; fileRef = C242949F2516593700092EA3 /* AppDelegate.swift */; };
		C24294A22516593700092EA3 /* SceneDelegate.swift in Sources */ = {isa = PBXBuildFile; fileRef = C24294A12516593700092EA3 /* SceneDelegate.swift */; };
		C24294A42516593700092EA3 /* ViewController.swift in Sources */ = {isa = PBXBuildFile; fileRef = C24294A32516593700092EA3 /* ViewController.swift */; };
		C24294A92516593E00092EA3 /* Assets.xcassets in Resources */ = {isa = PBXBuildFile; fileRef = C24294A82516593E00092EA3 /* Assets.xcassets */; };
		C24294AC2516593E00092EA3 /* LaunchScreen.storyboard in Resources */ = {isa = PBXBuildFile; fileRef = C24294AA2516593E00092EA3 /* LaunchScreen.storyboard */; };
		C24294B825165E1500092EA3 /* AsynchronousOperation.swift in Sources */ = {isa = PBXBuildFile; fileRef = C24294B725165E1500092EA3 /* AsynchronousOperation.swift */; };
		C24294BC25165E3600092EA3 /* ImageFromNetworkOperation.swift in Sources */ = {isa = PBXBuildFile; fileRef = C24294BB25165E3600092EA3 /* ImageFromNetworkOperation.swift */; };
		C24294BF2516615100092EA3 /* ImageCell.swift in Sources */ = {isa = PBXBuildFile; fileRef = C24294BE2516615100092EA3 /* ImageCell.swift */; };
		C27090C4251682E600DDFB13 /* LICENSE in Resources */ = {isa = PBXBuildFile; fileRef = C27090C2251682E600DDFB13 /* LICENSE */; };
		C27090C5251682E600DDFB13 /* README.md in Resources */ = {isa = PBXBuildFile; fileRef = C27090C3251682E600DDFB13 /* README.md */; };
/* End PBXBuildFile section */

/* Begin PBXFileReference section */
		C242949C2516593700092EA3 /* ProperWayToDownloadAnImage.app */ = {isa = PBXFileReference; explicitFileType = wrapper.application; includeInIndex = 0; path = ProperWayToDownloadAnImage.app; sourceTree = BUILT_PRODUCTS_DIR; };
		C242949F2516593700092EA3 /* AppDelegate.swift */ = {isa = PBXFileReference; lastKnownFileType = sourcecode.swift; path = AppDelegate.swift; sourceTree = "<group>"; };
		C24294A12516593700092EA3 /* SceneDelegate.swift */ = {isa = PBXFileReference; lastKnownFileType = sourcecode.swift; path = SceneDelegate.swift; sourceTree = "<group>"; };
		C24294A32516593700092EA3 /* ViewController.swift */ = {isa = PBXFileReference; lastKnownFileType = sourcecode.swift; path = ViewController.swift; sourceTree = "<group>"; };
		C24294A82516593E00092EA3 /* Assets.xcassets */ = {isa = PBXFileReference; lastKnownFileType = folder.assetcatalog; path = Assets.xcassets; sourceTree = "<group>"; };
		C24294AB2516593E00092EA3 /* Base */ = {isa = PBXFileReference; lastKnownFileType = file.storyboard; name = Base; path = Base.lproj/LaunchScreen.storyboard; sourceTree = "<group>"; };
		C24294AD2516593E00092EA3 /* Info.plist */ = {isa = PBXFileReference; lastKnownFileType = text.plist.xml; path = Info.plist; sourceTree = "<group>"; };
		C24294B725165E1500092EA3 /* AsynchronousOperation.swift */ = {isa = PBXFileReference; lastKnownFileType = sourcecode.swift; path = AsynchronousOperation.swift; sourceTree = "<group>"; };
		C24294BB25165E3600092EA3 /* ImageFromNetworkOperation.swift */ = {isa = PBXFileReference; lastKnownFileType = sourcecode.swift; path = ImageFromNetworkOperation.swift; sourceTree = "<group>"; };
		C24294BE2516615100092EA3 /* ImageCell.swift */ = {isa = PBXFileReference; lastKnownFileType = sourcecode.swift; path = ImageCell.swift; sourceTree = "<group>"; };
		C27090C2251682E600DDFB13 /* LICENSE */ = {isa = PBXFileReference; fileEncoding = 4; lastKnownFileType = text; path = LICENSE; sourceTree = "<group>"; };
		C27090C3251682E600DDFB13 /* README.md */ = {isa = PBXFileReference; fileEncoding = 4; lastKnownFileType = net.daringfireball.markdown; path = README.md; sourceTree = "<group>"; };
/* End PBXFileReference section */

/* Begin PBXFrameworksBuildPhase section */
		C24294992516593700092EA3 /* Frameworks */ = {
			isa = PBXFrameworksBuildPhase;
			buildActionMask = 2147483647;
			files = (
			);
			runOnlyForDeploymentPostprocessing = 0;
		};
/* End PBXFrameworksBuildPhase section */

/* Begin PBXGroup section */
		C24294932516593700092EA3 = {
			isa = PBXGroup;
			children = (
				C27090C3251682E600DDFB13 /* README.md */,
				C27090C2251682E600DDFB13 /* LICENSE */,
				C242949E2516593700092EA3 /* ProperWayToDownloadAnImage */,
				C242949D2516593700092EA3 /* Products */,
			);
			sourceTree = "<group>";
		};
		C242949D2516593700092EA3 /* Products */ = {
			isa = PBXGroup;
			children = (
				C242949C2516593700092EA3 /* ProperWayToDownloadAnImage.app */,
			);
			name = Products;
			sourceTree = "<group>";
		};
		C242949E2516593700092EA3 /* ProperWayToDownloadAnImage */ = {
			isa = PBXGroup;
			children = (
				C24294B625165DE800092EA3 /* Operations */,
				C242949F2516593700092EA3 /* AppDelegate.swift */,
				C24294A12516593700092EA3 /* SceneDelegate.swift */,
				C24294A32516593700092EA3 /* ViewController.swift */,
				C24294BE2516615100092EA3 /* ImageCell.swift */,
				C24294A82516593E00092EA3 /* Assets.xcassets */,
				C24294AA2516593E00092EA3 /* LaunchScreen.storyboard */,
				C24294AD2516593E00092EA3 /* Info.plist */,
			);
			path = ProperWayToDownloadAnImage;
			sourceTree = "<group>";
		};
		C24294B625165DE800092EA3 /* Operations */ = {
			isa = PBXGroup;
			children = (
				C24294B725165E1500092EA3 /* AsynchronousOperation.swift */,
				C24294BB25165E3600092EA3 /* ImageFromNetworkOperation.swift */,
			);
			path = Operations;
			sourceTree = "<group>";
		};
/* End PBXGroup section */

/* Begin PBXNativeTarget section */
		C242949B2516593700092EA3 /* ProperWayToDownloadAnImage */ = {
			isa = PBXNativeTarget;
			buildConfigurationList = C24294B02516593E00092EA3 /* Build configuration list for PBXNativeTarget "ProperWayToDownloadAnImage" */;
			buildPhases = (
				C24294982516593700092EA3 /* Sources */,
				C24294992516593700092EA3 /* Frameworks */,
				C242949A2516593700092EA3 /* Resources */,
			);
			buildRules = (
			);
			dependencies = (
			);
			name = ProperWayToDownloadAnImage;
			productName = ProperWayToDownloadAnImage;
			productReference = C242949C2516593700092EA3 /* ProperWayToDownloadAnImage.app */;
			productType = "com.apple.product-type.application";
		};
/* End PBXNativeTarget section */

/* Begin PBXProject section */
		C24294942516593700092EA3 /* Project object */ = {
			isa = PBXProject;
			attributes = {
				LastSwiftUpdateCheck = 1200;
				LastUpgradeCheck = 1200;
				TargetAttributes = {
					C242949B2516593700092EA3 = {
						CreatedOnToolsVersion = 12.0;
					};
				};
			};
			buildConfigurationList = C24294972516593700092EA3 /* Build configuration list for PBXProject "ProperWayToDownloadAnImage" */;
			compatibilityVersion = "Xcode 9.3";
			developmentRegion = en;
			hasScannedForEncodings = 0;
			knownRegions = (
				en,
				Base,
			);
			mainGroup = C24294932516593700092EA3;
			productRefGroup = C242949D2516593700092EA3 /* Products */;
			projectDirPath = "";
			projectRoot = "";
			targets = (
				C242949B2516593700092EA3 /* ProperWayToDownloadAnImage */,
			);
		};
/* End PBXProject section */

/* Begin PBXResourcesBuildPhase section */
		C242949A2516593700092EA3 /* Resources */ = {
			isa = PBXResourcesBuildPhase;
			buildActionMask = 2147483647;
			files = (
				C27090C4251682E600DDFB13 /* LICENSE in Resources */,
				C24294AC2516593E00092EA3 /* LaunchScreen.storyboard in Resources */,
				C27090C5251682E600DDFB13 /* README.md in Resources */,
				C24294A92516593E00092EA3 /* Assets.xcassets in Resources */,
			);
			runOnlyForDeploymentPostprocessing = 0;
		};
/* End PBXResourcesBuildPhase section */

/* Begin PBXSourcesBuildPhase section */
		C24294982516593700092EA3 /* Sources */ = {
			isa = PBXSourcesBuildPhase;
			buildActionMask = 2147483647;
			files = (
				C24294A42516593700092EA3 /* ViewController.swift in Sources */,
				C24294BC25165E3600092EA3 /* ImageFromNetworkOperation.swift in Sources */,
				C24294A02516593700092EA3 /* AppDelegate.swift in Sources */,
				C24294A22516593700092EA3 /* SceneDelegate.swift in Sources */,
				C24294B825165E1500092EA3 /* AsynchronousOperation.swift in Sources */,
				C24294BF2516615100092EA3 /* ImageCell.swift in Sources */,
			);
			runOnlyForDeploymentPostprocessing = 0;
		};
/* End PBXSourcesBuildPhase section */

/* Begin PBXVariantGroup section */
		C24294AA2516593E00092EA3 /* LaunchScreen.storyboard */ = {
			isa = PBXVariantGroup;
			children = (
				C24294AB2516593E00092EA3 /* Base */,
			);
			name = LaunchScreen.storyboard;
			sourceTree = "<group>";
		};
/* End PBXVariantGroup section */

/* Begin XCBuildConfiguration section */
		C24294AE2516593E00092EA3 /* Debug */ = {
			isa = XCBuildConfiguration;
			buildSettings = {
				ALWAYS_SEARCH_USER_PATHS = NO;
				CLANG_ANALYZER_NONNULL = YES;
				CLANG_ANALYZER_NUMBER_OBJECT_CONVERSION = YES_AGGRESSIVE;
				CLANG_CXX_LANGUAGE_STANDARD = "gnu++14";
				CLANG_CXX_LIBRARY = "libc++";
				CLANG_ENABLE_MODULES = YES;
				CLANG_ENABLE_OBJC_ARC = YES;
				CLANG_ENABLE_OBJC_WEAK = YES;
				CLANG_WARN_BLOCK_CAPTURE_AUTORELEASING = YES;
				CLANG_WARN_BOOL_CONVERSION = YES;
				CLANG_WARN_COMMA = YES;
				CLANG_WARN_CONSTANT_CONVERSION = YES;
				CLANG_WARN_DEPRECATED_OBJC_IMPLEMENTATIONS = YES;
				CLANG_WARN_DIRECT_OBJC_ISA_USAGE = YES_ERROR;
				CLANG_WARN_DOCUMENTATION_COMMENTS = YES;
				CLANG_WARN_EMPTY_BODY = YES;
				CLANG_WARN_ENUM_CONVERSION = YES;
				CLANG_WARN_INFINITE_RECURSION = YES;
				CLANG_WARN_INT_CONVERSION = YES;
				CLANG_WARN_NON_LITERAL_NULL_CONVERSION = YES;
				CLANG_WARN_OBJC_IMPLICIT_RETAIN_SELF = YES;
				CLANG_WARN_OBJC_LITERAL_CONVERSION = YES;
				CLANG_WARN_OBJC_ROOT_CLASS = YES_ERROR;
				CLANG_WARN_QUOTED_INCLUDE_IN_FRAMEWORK_HEADER = YES;
				CLANG_WARN_RANGE_LOOP_ANALYSIS = YES;
				CLANG_WARN_STRICT_PROTOTYPES = YES;
				CLANG_WARN_SUSPICIOUS_MOVE = YES;
				CLANG_WARN_UNGUARDED_AVAILABILITY = YES_AGGRESSIVE;
				CLANG_WARN_UNREACHABLE_CODE = YES;
				CLANG_WARN__DUPLICATE_METHOD_MATCH = YES;
				COPY_PHASE_STRIP = NO;
				DEBUG_INFORMATION_FORMAT = dwarf;
				ENABLE_STRICT_OBJC_MSGSEND = YES;
				ENABLE_TESTABILITY = YES;
				GCC_C_LANGUAGE_STANDARD = gnu11;
				GCC_DYNAMIC_NO_PIC = NO;
				GCC_NO_COMMON_BLOCKS = YES;
				GCC_OPTIMIZATION_LEVEL = 0;
				GCC_PREPROCESSOR_DEFINITIONS = (
					"DEBUG=1",
					"$(inherited)",
				);
				GCC_WARN_64_TO_32_BIT_CONVERSION = YES;
				GCC_WARN_ABOUT_RETURN_TYPE = YES_ERROR;
				GCC_WARN_UNDECLARED_SELECTOR = YES;
				GCC_WARN_UNINITIALIZED_AUTOS = YES_AGGRESSIVE;
				GCC_WARN_UNUSED_FUNCTION = YES;
				GCC_WARN_UNUSED_VARIABLE = YES;
				IPHONEOS_DEPLOYMENT_TARGET = 13.0;
				MTL_ENABLE_DEBUG_INFO = INCLUDE_SOURCE;
				MTL_FAST_MATH = YES;
				ONLY_ACTIVE_ARCH = YES;
				SDKROOT = iphoneos;
				SWIFT_ACTIVE_COMPILATION_CONDITIONS = DEBUG;
				SWIFT_OPTIMIZATION_LEVEL = "-Onone";
			};
			name = Debug;
		};
		C24294AF2516593E00092EA3 /* Release */ = {
			isa = XCBuildConfiguration;
			buildSettings = {
				ALWAYS_SEARCH_USER_PATHS = NO;
				CLANG_ANALYZER_NONNULL = YES;
				CLANG_ANALYZER_NUMBER_OBJECT_CONVERSION = YES_AGGRESSIVE;
				CLANG_CXX_LANGUAGE_STANDARD = "gnu++14";
				CLANG_CXX_LIBRARY = "libc++";
				CLANG_ENABLE_MODULES = YES;
				CLANG_ENABLE_OBJC_ARC = YES;
				CLANG_ENABLE_OBJC_WEAK = YES;
				CLANG_WARN_BLOCK_CAPTURE_AUTORELEASING = YES;
				CLANG_WARN_BOOL_CONVERSION = YES;
				CLANG_WARN_COMMA = YES;
				CLANG_WARN_CONSTANT_CONVERSION = YES;
				CLANG_WARN_DEPRECATED_OBJC_IMPLEMENTATIONS = YES;
				CLANG_WARN_DIRECT_OBJC_ISA_USAGE = YES_ERROR;
				CLANG_WARN_DOCUMENTATION_COMMENTS = YES;
				CLANG_WARN_EMPTY_BODY = YES;
				CLANG_WARN_ENUM_CONVERSION = YES;
				CLANG_WARN_INFINITE_RECURSION = YES;
				CLANG_WARN_INT_CONVERSION = YES;
				CLANG_WARN_NON_LITERAL_NULL_CONVERSION = YES;
				CLANG_WARN_OBJC_IMPLICIT_RETAIN_SELF = YES;
				CLANG_WARN_OBJC_LITERAL_CONVERSION = YES;
				CLANG_WARN_OBJC_ROOT_CLASS = YES_ERROR;
				CLANG_WARN_QUOTED_INCLUDE_IN_FRAMEWORK_HEADER = YES;
				CLANG_WARN_RANGE_LOOP_ANALYSIS = YES;
				CLANG_WARN_STRICT_PROTOTYPES = YES;
				CLANG_WARN_SUSPICIOUS_MOVE = YES;
				CLANG_WARN_UNGUARDED_AVAILABILITY = YES_AGGRESSIVE;
				CLANG_WARN_UNREACHABLE_CODE = YES;
				CLANG_WARN__DUPLICATE_METHOD_MATCH = YES;
				COPY_PHASE_STRIP = NO;
				DEBUG_INFORMATION_FORMAT = "dwarf-with-dsym";
				ENABLE_NS_ASSERTIONS = NO;
				ENABLE_STRICT_OBJC_MSGSEND = YES;
				GCC_C_LANGUAGE_STANDARD = gnu11;
				GCC_NO_COMMON_BLOCKS = YES;
				GCC_WARN_64_TO_32_BIT_CONVERSION = YES;
				GCC_WARN_ABOUT_RETURN_TYPE = YES_ERROR;
				GCC_WARN_UNDECLARED_SELECTOR = YES;
				GCC_WARN_UNINITIALIZED_AUTOS = YES_AGGRESSIVE;
				GCC_WARN_UNUSED_FUNCTION = YES;
				GCC_WARN_UNUSED_VARIABLE = YES;
				IPHONEOS_DEPLOYMENT_TARGET = 13.0;
				MTL_ENABLE_DEBUG_INFO = NO;
				MTL_FAST_MATH = YES;
				SDKROOT = iphoneos;
				SWIFT_COMPILATION_MODE = wholemodule;
				SWIFT_OPTIMIZATION_LEVEL = "-O";
				VALIDATE_PRODUCT = YES;
			};
			name = Release;
		};
		C24294B12516593E00092EA3 /* Debug */ = {
			isa = XCBuildConfiguration;
			buildSettings = {
				ASSETCATALOG_COMPILER_APPICON_NAME = AppIcon;
				ASSETCATALOG_COMPILER_GLOBAL_ACCENT_COLOR_NAME = AccentColor;
				CODE_SIGN_STYLE = Automatic;
				DEVELOPMENT_TEAM = A46C2G8GT3;
				INFOPLIST_FILE = ProperWayToDownloadAnImage/Info.plist;
				LD_RUNPATH_SEARCH_PATHS = (
					"$(inherited)",
					"@executable_path/Frameworks",
				);
				PRODUCT_BUNDLE_IDENTIFIER = ireldev.ProperWayToDownloadAnImage;
				PRODUCT_NAME = "$(TARGET_NAME)";
				SWIFT_VERSION = 5.0;
				TARGETED_DEVICE_FAMILY = "1,2";
			};
			name = Debug;
		};
		C24294B22516593E00092EA3 /* Release */ = {
			isa = XCBuildConfiguration;
			buildSettings = {
				ASSETCATALOG_COMPILER_APPICON_NAME = AppIcon;
				ASSETCATALOG_COMPILER_GLOBAL_ACCENT_COLOR_NAME = AccentColor;
				CODE_SIGN_STYLE = Automatic;
				DEVELOPMENT_TEAM = A46C2G8GT3;
				INFOPLIST_FILE = ProperWayToDownloadAnImage/Info.plist;
				LD_RUNPATH_SEARCH_PATHS = (
					"$(inherited)",
					"@executable_path/Frameworks",
				);
				PRODUCT_BUNDLE_IDENTIFIER = ireldev.ProperWayToDownloadAnImage;
				PRODUCT_NAME = "$(TARGET_NAME)";
				SWIFT_VERSION = 5.0;
				TARGETED_DEVICE_FAMILY = "1,2";
			};
			name = Release;
		};
/* End XCBuildConfiguration section */

/* Begin XCConfigurationList section */
		C24294972516593700092EA3 /* Build configuration list for PBXProject "ProperWayToDownloadAnImage" */ = {
			isa = XCConfigurationList;
			buildConfigurations = (
				C24294AE2516593E00092EA3 /* Debug */,
				C24294AF2516593E00092EA3 /* Release */,
			);
			defaultConfigurationIsVisible = 0;
			defaultConfigurationName = Release;
		};
		C24294B02516593E00092EA3 /* Build configuration list for PBXNativeTarget "ProperWayToDownloadAnImage" */ = {
			isa = XCConfigurationList;
			buildConfigurations = (
				C24294B12516593E00092EA3 /* Debug */,
				C24294B22516593E00092EA3 /* Release */,
			);
			defaultConfigurationIsVisible = 0;
			defaultConfigurationName = Release;
		};
/* End XCConfigurationList section */
	};
	rootObject = C24294942516593700092EA3 /* Project object */;
}
